Microsoft Visual Studio Solution File, Format Version 12.00
# Visual Studio Version 16
VisualStudioVersion = 16.0.29519.87
MinimumVisualStudioVersion = 10.0.40219.1
Project("{9A19103F-16F7-4668-BE54-9A1E7A4F7556}") = "DevOpsVault.SDK.Core", "src\DevOpsVault.SDK.Core\DevOpsVault.SDK.Core.csproj", "{7E03A816-353D-4FB0-9541-1820708DC2E7}"
EndProject
Global
	GlobalSection(SolutionConfigurationPlatforms) = preSolution
		Debug|Any CPU = Debug|Any CPU
		Release|Any CPU = Release|Any CPU
	EndGlobalSection
	GlobalSection(ProjectConfigurationPlatforms) = postSolution
		{7E03A816-353D-4FB0-9541-1820708DC2E7}.Debug|Any CPU.ActiveCfg = Debug|Any CPU
		{7E03A816-353D-4FB0-9541-1820708DC2E7}.Debug|Any CPU.Build.0 = Debug|Any CPU
		{7E03A816-353D-4FB0-9541-1820708DC2E7}.Release|Any CPU.ActiveCfg = Release|Any CPU
		{7E03A816-353D-4FB0-9541-1820708DC2E7}.Release|Any CPU.Build.0 = Release|Any CPU
	EndGlobalSection
	GlobalSection(SolutionProperties) = preSolution
		HideSolutionNode = FALSE
	EndGlobalSection
	GlobalSection(ExtensibilityGlobals) = postSolution
		SolutionGuid = {6C19DE1D-0F7D-499B-A311-8BC9997EAECF}
	EndGlobalSection
EndGlobal
